
Microsoft Visual Studio Solution File, Format Version 12.00
# Visual Studio Version 17
VisualStudioVersion = 17.9.34616.47
MinimumVisualStudioVersion = 10.0.40219.1
Project("{FAE04EC0-301F-11D3-BF4B-00C04F79EFBC}") = "GoatCoachAPI", "GoatCoachAPI\GoatCoachAPI.csproj", "{35DB371C-2F73-40A0-AFF3-B677C8A72F76}"
EndProject
Global
	GlobalSection(SolutionConfigurationPlatforms) = preSolution
		Debug|Any CPU = Debug|Any CPU
		Release|Any CPU = Release|Any CPU
	EndGlobalSection
	GlobalSection(ProjectConfigurationPlatforms) = postSolution
		{35DB371C-2F73-40A0-AFF3-B677C8A72F76}.Debug|Any CPU.ActiveCfg = Debug|Any CPU
		{35DB371C-2F73-40A0-AFF3-B677C8A72F76}.Debug|Any CPU.Build.0 = Debug|Any CPU
		{35DB371C-2F73-40A0-AFF3-B677C8A72F76}.Release|Any CPU.ActiveCfg = Release|Any CPU
		{35DB371C-2F73-40A0-AFF3-B677C8A72F76}.Release|Any CPU.Build.0 = Release|Any CPU
	EndGlobalSection
	GlobalSection(SolutionProperties) = preSolution
		HideSolutionNode = FALSE
	EndGlobalSection
	GlobalSection(ExtensibilityGlobals) = postSolution
		SolutionGuid = {288EF2C9-80EE-4F7A-81A8-F3CAB77CFA5A}
	EndGlobalSection
EndGlobal
